// !$*UTF8*$!
{
	archiveVersion = 1;
	classes = {
	};
	objectVersion = 46;
	objects = {

/* Begin PBXBuildFile section */
		2C2104E71E57420A00C19F1E /* Localizable.strings in Resources */ = {isa = PBXBuildFile; fileRef = 2C2104E91E57420A00C19F1E /* Localizable.strings */; };
		2C2104F31E57427600C19F1E /* CoreLocation.framework in Frameworks */ = {isa = PBXBuildFile; fileRef = 2C2104F21E57427600C19F1E /* CoreLocation.framework */; };
		2C2104F51E57427D00C19F1E /* MapKit.framework in Frameworks */ = {isa = PBXBuildFile; fileRef = 2C2104F41E57427D00C19F1E /* MapKit.framework */; };
		2C2104F71E57428300C19F1E /* StoreKit.framework in Frameworks */ = {isa = PBXBuildFile; fileRef = 2C2104F61E57428300C19F1E /* StoreKit.framework */; };
		2C2104F91E57429500C19F1E /* CoreTelephony.framework in Frameworks */ = {isa = PBXBuildFile; fileRef = 2C2104F81E57429500C19F1E /* CoreTelephony.framework */; };
		2C2104FB1E57429B00C19F1E /* CoreVideo.framework in Frameworks */ = {isa = PBXBuildFile; fileRef = 2C2104FA1E57429B00C19F1E /* CoreVideo.framework */; };
		2C2104FD1E5742A300C19F1E /* AudioToolbox.framework in Frameworks */ = {isa = PBXBuildFile; fileRef = 2C2104FC1E5742A300C19F1E /* AudioToolbox.framework */; };
		2C2104FF1E5742AA00C19F1E /* Security.framework in Frameworks */ = {isa = PBXBuildFile; fileRef = 2C2104FE1E5742A900C19F1E /* Security.framework */; };
		2C2105011E5742B000C19F1E /* CoreText.framework in Frameworks */ = {isa = PBXBuildFile; fileRef = 2C2105001E5742B000C19F1E /* CoreText.framework */; };
		2C2105031E5742B600C19F1E /* ImageIO.framework in Frameworks */ = {isa = PBXBuildFile; fileRef = 2C2105021E5742B600C19F1E /* ImageIO.framework */; };
		2C2105051E5742BC00C19F1E /* AssetsLibrary.framework in Frameworks */ = {isa = PBXBuildFile; fileRef = 2C2105041E5742BC00C19F1E /* AssetsLibrary.framework */; };
		2C2105071E5742C200C19F1E /* AVFoundation.framework in Frameworks */ = {isa = PBXBuildFile; fileRef = 2C2105061E5742C200C19F1E /* AVFoundation.framework */; };
		2C2105091E5742CA00C19F1E /* CoreMedia.framework in Frameworks */ = {isa = PBXBuildFile; fileRef = 2C2105081E5742CA00C19F1E /* CoreMedia.framework */; };
		2C21050B1E5742D400C19F1E /* MessageUI.framework in Frameworks */ = {isa = PBXBuildFile; fileRef = 2C21050A1E5742D400C19F1E /* MessageUI.framework */; };
		2C21050D1E5742DA00C19F1E /* OpenGLES.framework in Frameworks */ = {isa = PBXBuildFile; fileRef = 2C21050C1E5742DA00C19F1E /* OpenGLES.framework */; };
		2C21050F1E5742E100C19F1E /* MediaPlayer.framework in Frameworks */ = {isa = PBXBuildFile; fileRef = 2C21050E1E5742E100C19F1E /* MediaPlayer.framework */; };
		2C2105111E5742EB00C19F1E /* MobileCoreServices.framework in Frameworks */ = {isa = PBXBuildFile; fileRef = 2C2105101E5742EB00C19F1E /* MobileCoreServices.framework */; };
		2C2105131E5742F200C19F1E /* SystemConfiguration.framework in Frameworks */ = {isa = PBXBuildFile; fileRef = 2C2105121E5742F200C19F1E /* SystemConfiguration.framework */; };
		2C2105151E5742F800C19F1E /* CFNetwork.framework in Frameworks */ = {isa = PBXBuildFile; fileRef = 2C2105141E5742F800C19F1E /* CFNetwork.framework */; };
		2C2105171E57430500C19F1E /* Accelerate.framework in Frameworks */ = {isa = PBXBuildFile; fileRef = 2C2105161E57430500C19F1E /* Accelerate.framework */; };
		2C2105191E57430D00C19F1E /* CoreImage.framework in Frameworks */ = {isa = PBXBuildFile; fileRef = 2C2105181E57430D00C19F1E /* CoreImage.framework */; };
		2C21051B1E57431900C19F1E /* QuartzCore.framework in Frameworks */ = {isa = PBXBuildFile; fileRef = 2C21051A1E57431900C19F1E /* QuartzCore.framework */; };
		2C21051D1E57432400C19F1E /* CoreGraphics.framework in Frameworks */ = {isa = PBXBuildFile; fileRef = 2C21051C1E57432400C19F1E /* CoreGraphics.framework */; };
		2C21051E1E57437D00C19F1E /* libHLiOS2Framework.a in Frameworks */ = {isa = PBXBuildFile; fileRef = 2C2104D71E5740E600C19F1E /* libHLiOS2Framework.a */; };
		2C2105271E5745A400C19F1E /* YouTubeiOSPlayerHelper.framework in Frameworks */ = {isa = PBXBuildFile; fileRef = 2C2105261E57459400C19F1E /* YouTubeiOSPlayerHelper.framework */; };
		2C2105281E5745A400C19F1E /* YouTubeiOSPlayerHelper.framework in Embed Frameworks */ = {isa = PBXBuildFile; fileRef = 2C2105261E57459400C19F1E /* YouTubeiOSPlayerHelper.framework */; settings = {ATTRIBUTES = (CodeSignOnCopy, RemoveHeadersOnCopy, ); }; };
		2C4A25AC1E5AD140003ED5C4 /* Zip.framework in Frameworks */ = {isa = PBXBuildFile; fileRef = 2C4A25A31E5AD120003ED5C4 /* Zip.framework */; };
		2C4A25AD1E5AD140003ED5C4 /* Zip.framework in Embed Frameworks */ = {isa = PBXBuildFile; fileRef = 2C4A25A31E5AD120003ED5C4 /* Zip.framework */; settings = {ATTRIBUTES = (CodeSignOnCopy, RemoveHeadersOnCopy, ); }; };
		2C4A25BC1E5AD199003ED5C4 /* ioapi.c in Sources */ = {isa = PBXBuildFile; fileRef = 2C4A25B21E5AD199003ED5C4 /* ioapi.c */; };
		2C4A25BD1E5AD199003ED5C4 /* mztools.c in Sources */ = {isa = PBXBuildFile; fileRef = 2C4A25B41E5AD199003ED5C4 /* mztools.c */; };
		2C4A25BE1E5AD199003ED5C4 /* unzip.c in Sources */ = {isa = PBXBuildFile; fileRef = 2C4A25B61E5AD199003ED5C4 /* unzip.c */; };
		2C4A25BF1E5AD199003ED5C4 /* zip.c in Sources */ = {isa = PBXBuildFile; fileRef = 2C4A25B81E5AD199003ED5C4 /* zip.c */; };
		2C4A25C01E5AD199003ED5C4 /* ZipArchive.mm in Sources */ = {isa = PBXBuildFile; fileRef = 2C4A25BB1E5AD199003ED5C4 /* ZipArchive.mm */; settings = {COMPILER_FLAGS = "-fno-objc-arc"; }; };
		2C4A25DD1E5AD280003ED5C4 /* CTidy.m in Sources */ = {isa = PBXBuildFile; fileRef = 2C4A25C31E5AD280003ED5C4 /* CTidy.m */; settings = {COMPILER_FLAGS = "-fno-objc-arc"; }; };
		2C4A25DE1E5AD280003ED5C4 /* CXHTMLDocument.m in Sources */ = {isa = PBXBuildFile; fileRef = 2C4A25C51E5AD280003ED5C4 /* CXHTMLDocument.m */; settings = {COMPILER_FLAGS = "-fno-objc-arc"; }; };
		2C4A25DF1E5AD280003ED5C4 /* CXMLDocument.m in Sources */ = {isa = PBXBuildFile; fileRef = 2C4A25C71E5AD280003ED5C4 /* CXMLDocument.m */; settings = {COMPILER_FLAGS = "-fno-objc-arc"; }; };
		2C4A25E01E5AD280003ED5C4 /* CXMLDocument_CreationExtensions.m in Sources */ = {isa = PBXBuildFile; fileRef = 2C4A25C91E5AD280003ED5C4 /* CXMLDocument_CreationExtensions.m */; settings = {COMPILER_FLAGS = "-fno-objc-arc"; }; };
		2C4A25E11E5AD280003ED5C4 /* CXMLDocument_PrivateExtensions.m in Sources */ = {isa = PBXBuildFile; fileRef = 2C4A25CB1E5AD280003ED5C4 /* CXMLDocument_PrivateExtensions.m */; settings = {COMPILER_FLAGS = "-fno-objc-arc"; }; };
		2C4A25E21E5AD280003ED5C4 /* CXMLElement.m in Sources */ = {isa = PBXBuildFile; fileRef = 2C4A25CD1E5AD280003ED5C4 /* CXMLElement.m */; settings = {COMPILER_FLAGS = "-fno-objc-arc"; }; };
		2C4A25E31E5AD280003ED5C4 /* CXMLElement_CreationExtensions.m in Sources */ = {isa = PBXBuildFile; fileRef = 2C4A25CF1E5AD280003ED5C4 /* CXMLElement_CreationExtensions.m */; settings = {COMPILER_FLAGS = "-fno-objc-arc"; }; };
		2C4A25E41E5AD280003ED5C4 /* CXMLElement_ElementTreeExtensions.m in Sources */ = {isa = PBXBuildFile; fileRef = 2C4A25D11E5AD280003ED5C4 /* CXMLElement_ElementTreeExtensions.m */; settings = {COMPILER_FLAGS = "-fno-objc-arc"; }; };
		2C4A25E51E5AD280003ED5C4 /* CXMLNamespaceNode.m in Sources */ = {isa = PBXBuildFile; fileRef = 2C4A25D31E5AD280003ED5C4 /* CXMLNamespaceNode.m */; settings = {COMPILER_FLAGS = "-fno-objc-arc"; }; };
		2C4A25E61E5AD280003ED5C4 /* CXMLNode.m in Sources */ = {isa = PBXBuildFile; fileRef = 2C4A25D51E5AD280003ED5C4 /* CXMLNode.m */; settings = {COMPILER_FLAGS = "-fno-objc-arc"; }; };
		2C4A25E71E5AD280003ED5C4 /* CXMLNode_CreationExtensions.m in Sources */ = {isa = PBXBuildFile; fileRef = 2C4A25D71E5AD280003ED5C4 /* CXMLNode_CreationExtensions.m */; settings = {COMPILER_FLAGS = "-fno-objc-arc"; }; };
		2C4A25E81E5AD280003ED5C4 /* CXMLNode_PrivateExtensions.m in Sources */ = {isa = PBXBuildFile; fileRef = 2C4A25D91E5AD280003ED5C4 /* CXMLNode_PrivateExtensions.m */; settings = {COMPILER_FLAGS = "-fno-objc-arc"; }; };
		2C4A25E91E5AD280003ED5C4 /* CXMLNode_XPathExtensions.m in Sources */ = {isa = PBXBuildFile; fileRef = 2C4A25DB1E5AD280003ED5C4 /* CXMLNode_XPathExtensions.m */; settings = {COMPILER_FLAGS = "-fno-objc-arc"; }; };
		2C4C276C1E574A0A003C5A1F /* appMakerResources.bundle in Resources */ = {isa = PBXBuildFile; fileRef = 2C4C27681E574A0A003C5A1F /* appMakerResources.bundle */; };
		2C4C276D1E574A0A003C5A1F /* appMakerUI.xcassets in Resources */ = {isa = PBXBuildFile; fileRef = 2C4C27691E574A0A003C5A1F /* appMakerUI.xcassets */; };
		2C4C276F1E574A0A003C5A1F /* YouTubeiOSPlayerHelper.framework in Frameworks */ = {isa = PBXBuildFile; fileRef = 2C4C276B1E574A0A003C5A1F /* YouTubeiOSPlayerHelper.framework */; };
		2C4C27BB1E580374003C5A1F /* PromiseKit.framework in Frameworks */ = {isa = PBXBuildFile; fileRef = 2C4C27B21E580207003C5A1F /* PromiseKit.framework */; };
		2C4C27D51E58042E003C5A1F /* Alamofire.framework in Frameworks */ = {isa = PBXBuildFile; fileRef = 2C4C27C81E580421003C5A1F /* Alamofire.framework */; };
		2C4C27D61E580B82003C5A1F /* Alamofire.framework in Frameworks */ = {isa = PBXBuildFile; fileRef = 2C4C27C81E580421003C5A1F /* Alamofire.framework */; };
		2C4C27D71E580B82003C5A1F /* Alamofire.framework in Embed Frameworks */ = {isa = PBXBuildFile; fileRef = 2C4C27C81E580421003C5A1F /* Alamofire.framework */; settings = {ATTRIBUTES = (CodeSignOnCopy, RemoveHeadersOnCopy, ); }; };
		2C4C27DA1E580BAB003C5A1F /* PromiseKit.framework in Frameworks */ = {isa = PBXBuildFile; fileRef = 2C4C27B21E580207003C5A1F /* PromiseKit.framework */; };
		2C4C27DB1E580BAB003C5A1F /* PromiseKit.framework in Embed Frameworks */ = {isa = PBXBuildFile; fileRef = 2C4C27B21E580207003C5A1F /* PromiseKit.framework */; settings = {ATTRIBUTES = (CodeSignOnCopy, RemoveHeadersOnCopy, ); }; };
		2C4C28361E588DF4003C5A1F /* libxml2.tbd in Frameworks */ = {isa = PBXBuildFile; fileRef = 2C4C28351E588DF4003C5A1F /* libxml2.tbd */; };
		2C909F251E5A9B670076933F /* libz.tbd in Frameworks */ = {isa = PBXBuildFile; fileRef = 2C909F241E5A9B670076933F /* libz.tbd */; };
		2C994C8C1E56D52600895B30 /* SACPublisherTests.swift in Sources */ = {isa = PBXBuildFile; fileRef = 2C994C8B1E56D52600895B30 /* SACPublisherTests.swift */; };
		2C994C971E56D52600895B30 /* SACPublisherUITests.swift in Sources */ = {isa = PBXBuildFile; fileRef = 2C994C961E56D52600895B30 /* SACPublisherUITests.swift */; };
		2C994CB21E56DCB500895B30 /* AppDelegate.swift in Sources */ = {isa = PBXBuildFile; fileRef = 2C994CAA1E56DCB500895B30 /* AppDelegate.swift */; };
		2C994CB31E56DCB500895B30 /* Assets.xcassets in Resources */ = {isa = PBXBuildFile; fileRef = 2C994CAB1E56DCB500895B30 /* Assets.xcassets */; };
		2C994CB41E56DCB500895B30 /* LaunchScreen.storyboard in Resources */ = {isa = PBXBuildFile; fileRef = 2C994CAC1E56DCB500895B30 /* LaunchScreen.storyboard */; };
		2C994CB51E56DCB500895B30 /* Main.storyboard in Resources */ = {isa = PBXBuildFile; fileRef = 2C994CAE1E56DCB500895B30 /* Main.storyboard */; };
		2C994CB61E56DCB500895B30 /* Info.plist in Resources */ = {isa = PBXBuildFile; fileRef = 2C994CB01E56DCB500895B30 /* Info.plist */; };
		2C994CB71E56DCB500895B30 /* ViewController.swift in Sources */ = {isa = PBXBuildFile; fileRef = 2C994CB11E56DCB500895B30 /* ViewController.swift */; };
/* End PBXBuildFile section */

/* Begin PBXContainerItemProxy section */
		2C2104D61E5740E600C19F1E /* PBXContainerItemProxy */ = {
			isa = PBXContainerItemProxy;
			containerPortal = 2C2104D01E5740E500C19F1E /* HLiOS2Framework.xcodeproj */;
			proxyType = 2;
			remoteGlobalIDString = 6AB2143E171AB6920020CFE8;
			remoteInfo = HLiOS2Framework;
		};
		2C2104D81E5740E600C19F1E /* PBXContainerItemProxy */ = {
			isa = PBXContainerItemProxy;
			containerPortal = 2C2104D01E5740E500C19F1E /* HLiOS2Framework.xcodeproj */;
			proxyType = 2;
			remoteGlobalIDString = 2917615319654DAD00B6A2F0;
			remoteInfo = appMakerResources;
		};
		2C2105251E57459400C19F1E /* PBXContainerItemProxy */ = {
			isa = PBXContainerItemProxy;
			containerPortal = 2C2105211E57459400C19F1E /* youtube-ios-player-helper.xcodeproj */;
			proxyType = 2;
			remoteGlobalIDString = B3C76A1A1B975AA700F375B4;
			remoteInfo = YouTubeiOSPlayerHelper;
		};
		2C2105291E5745A400C19F1E /* PBXContainerItemProxy */ = {
			isa = PBXContainerItemProxy;
			containerPortal = 2C2105211E57459400C19F1E /* youtube-ios-player-helper.xcodeproj */;
			proxyType = 1;
			remoteGlobalIDString = B3C76A191B975AA700F375B4;
			remoteInfo = YouTubeiOSPlayerHelper;
		};
		2C4A25A21E5AD120003ED5C4 /* PBXContainerItemProxy */ = {
			isa = PBXContainerItemProxy;
			containerPortal = 2C4A259A1E5AD120003ED5C4 /* Zip.xcodeproj */;
			proxyType = 2;
			remoteGlobalIDString = 347E3A741C1DFFB500A11FD3;
			remoteInfo = Zip;
		};
		2C4A25A41E5AD120003ED5C4 /* PBXContainerItemProxy */ = {
			isa = PBXContainerItemProxy;
			containerPortal = 2C4A259A1E5AD120003ED5C4 /* Zip.xcodeproj */;
			proxyType = 2;
			remoteGlobalIDString = 347E3A7E1C1DFFB500A11FD3;
			remoteInfo = ZipTests;
		};
		2C4A25A61E5AD120003ED5C4 /* PBXContainerItemProxy */ = {
			isa = PBXContainerItemProxy;
			containerPortal = 2C4A259A1E5AD120003ED5C4 /* Zip.xcodeproj */;
			proxyType = 2;
			remoteGlobalIDString = 343F50FF1C8DAEEC0028C434;
			remoteInfo = "Zip OSX";
		};
		2C4A25A81E5AD120003ED5C4 /* PBXContainerItemProxy */ = {
			isa = PBXContainerItemProxy;
			containerPortal = 2C4A259A1E5AD120003ED5C4 /* Zip.xcodeproj */;
			proxyType = 2;
			remoteGlobalIDString = 343F51081C8DAEEC0028C434;
			remoteInfo = "Zip OSXTests";
		};
		2C4A25AA1E5AD120003ED5C4 /* PBXContainerItemProxy */ = {
			isa = PBXContainerItemProxy;
			containerPortal = 2C4A259A1E5AD120003ED5C4 /* Zip.xcodeproj */;
			proxyType = 2;
			remoteGlobalIDString = 342545B51CE525B200336074;
			remoteInfo = "Zip tvOS";
		};
		2C4A25AE1E5AD140003ED5C4 /* PBXContainerItemProxy */ = {
			isa = PBXContainerItemProxy;
			containerPortal = 2C4A259A1E5AD120003ED5C4 /* Zip.xcodeproj */;
			proxyType = 1;
			remoteGlobalIDString = 347E3A731C1DFFB500A11FD3;
			remoteInfo = Zip;
		};
		2C4C27B11E580207003C5A1F /* PBXContainerItemProxy */ = {
			isa = PBXContainerItemProxy;
			containerPortal = 2C4C27A91E580206003C5A1F /* PromiseKit.xcodeproj */;
			proxyType = 2;
			remoteGlobalIDString = 63B0AC571D595E1B00FA21D9;
			remoteInfo = PromiseKit;
		};
		2C4C27B31E580207003C5A1F /* PBXContainerItemProxy */ = {
			isa = PBXContainerItemProxy;
			containerPortal = 2C4C27A91E580206003C5A1F /* PromiseKit.xcodeproj */;
			proxyType = 2;
			remoteGlobalIDString = 631751A81D59766500A9DDDC;
			remoteInfo = "PMKA+Tests";
		};
		2C4C27B51E580207003C5A1F /* PBXContainerItemProxy */ = {
			isa = PBXContainerItemProxy;
			containerPortal = 2C4C27A91E580206003C5A1F /* PromiseKit.xcodeproj */;
			proxyType = 2;
			remoteGlobalIDString = 6314113C1D59795700E24B9E;
			remoteInfo = PMKBridgeTests;
		};
		2C4C27B71E580207003C5A1F /* PBXContainerItemProxy */ = {
			isa = PBXContainerItemProxy;
			containerPortal = 2C4C27A91E580206003C5A1F /* PromiseKit.xcodeproj */;
			proxyType = 2;
			remoteGlobalIDString = 630019221D596292003B4E30;
			remoteInfo = PMKCoreTests;
		};
		2C4C27B91E580207003C5A1F /* PBXContainerItemProxy */ = {
			isa = PBXContainerItemProxy;
			containerPortal = 2C4C27A91E580206003C5A1F /* PromiseKit.xcodeproj */;
			proxyType = 2;
			remoteGlobalIDString = 6314112F1D5978D700E24B9E;
			remoteInfo = PMKDispatchTests;
		};
		2C4C27C71E580421003C5A1F /* PBXContainerItemProxy */ = {
			isa = PBXContainerItemProxy;
			containerPortal = 2C4C27BC1E580420003C5A1F /* Alamofire.xcodeproj */;
			proxyType = 2;
			remoteGlobalIDString = F8111E3319A95C8B0040E7D1;
			remoteInfo = "Alamofire iOS";
		};
		2C4C27C91E580421003C5A1F /* PBXContainerItemProxy */ = {
			isa = PBXContainerItemProxy;
			containerPortal = 2C4C27BC1E580420003C5A1F /* Alamofire.xcodeproj */;
			proxyType = 2;
			remoteGlobalIDString = F8111E3E19A95C8B0040E7D1;
			remoteInfo = "Alamofire iOS Tests";
		};
		2C4C27CB1E580421003C5A1F /* PBXContainerItemProxy */ = {
			isa = PBXContainerItemProxy;
			containerPortal = 2C4C27BC1E580420003C5A1F /* Alamofire.xcodeproj */;
			proxyType = 2;
			remoteGlobalIDString = 4DD67C0B1A5C55C900ED2280;
			remoteInfo = "Alamofire macOS";
		};
		2C4C27CD1E580421003C5A1F /* PBXContainerItemProxy */ = {
			isa = PBXContainerItemProxy;
			containerPortal = 2C4C27BC1E580420003C5A1F /* Alamofire.xcodeproj */;
			proxyType = 2;
			remoteGlobalIDString = F829C6B21A7A94F100A2CD59;
			remoteInfo = "Alamofire macOS Tests";
		};
		2C4C27CF1E580421003C5A1F /* PBXContainerItemProxy */ = {
			isa = PBXContainerItemProxy;
			containerPortal = 2C4C27BC1E580420003C5A1F /* Alamofire.xcodeproj */;
			proxyType = 2;
			remoteGlobalIDString = 4CF626EF1BA7CB3E0011A099;
			remoteInfo = "Alamofire tvOS";
		};
		2C4C27D11E580421003C5A1F /* PBXContainerItemProxy */ = {
			isa = PBXContainerItemProxy;
			containerPortal = 2C4C27BC1E580420003C5A1F /* Alamofire.xcodeproj */;
			proxyType = 2;
			remoteGlobalIDString = 4CF626F81BA7CB3E0011A099;
			remoteInfo = "Alamofire tvOS Tests";
		};
		2C4C27D31E580421003C5A1F /* PBXContainerItemProxy */ = {
			isa = PBXContainerItemProxy;
			containerPortal = 2C4C27BC1E580420003C5A1F /* Alamofire.xcodeproj */;
			proxyType = 2;
			remoteGlobalIDString = E4202FE01B667AA100C997FB;
			remoteInfo = "Alamofire watchOS";
		};
		2C4C27D81E580B82003C5A1F /* PBXContainerItemProxy */ = {
			isa = PBXContainerItemProxy;
			containerPortal = 2C4C27BC1E580420003C5A1F /* Alamofire.xcodeproj */;
			proxyType = 1;
			remoteGlobalIDString = F8111E3219A95C8B0040E7D1;
			remoteInfo = "Alamofire iOS";
		};
		2C4C27DC1E580BAB003C5A1F /* PBXContainerItemProxy */ = {
			isa = PBXContainerItemProxy;
			containerPortal = 2C4C27A91E580206003C5A1F /* PromiseKit.xcodeproj */;
			proxyType = 1;
			remoteGlobalIDString = 63B0AC561D595E1B00FA21D9;
			remoteInfo = PromiseKit;
		};
		2C994C881E56D52600895B30 /* PBXContainerItemProxy */ = {
			isa = PBXContainerItemProxy;
			containerPortal = 2C994C6B1E56D52600895B30 /* Project object */;
			proxyType = 1;
			remoteGlobalIDString = 2C994C721E56D52600895B30;
			remoteInfo = SACPublisher;
		};
		2C994C931E56D52600895B30 /* PBXContainerItemProxy */ = {
			isa = PBXContainerItemProxy;
			containerPortal = 2C994C6B1E56D52600895B30 /* Project object */;
			proxyType = 1;
			remoteGlobalIDString = 2C994C721E56D52600895B30;
			remoteInfo = SACPublisher;
		};
/* End PBXContainerItemProxy section */

/* Begin PBXCopyFilesBuildPhase section */
		2C2104AB1E56DE9000C19F1E /* Embed Frameworks */ = {
			isa = PBXCopyFilesBuildPhase;
			buildActionMask = 2147483647;
			dstPath = "";
			dstSubfolderSpec = 10;
			files = (
				2C4A25AD1E5AD140003ED5C4 /* Zip.framework in Embed Frameworks */,
				2C4C27DB1E580BAB003C5A1F /* PromiseKit.framework in Embed Frameworks */,
				2C2105281E5745A400C19F1E /* YouTubeiOSPlayerHelper.framework in Embed Frameworks */,
				2C4C27D71E580B82003C5A1F /* Alamofire.framework in Embed Frameworks */,
			);
			name = "Embed Frameworks";
			runOnlyForDeploymentPostprocessing = 0;
		};
		2C21052E1E57464700C19F1E /* Embed PlugIns */ = {
			isa = PBXCopyFilesBuildPhase;
			buildActionMask = 2147483647;
			dstPath = "";
			dstSubfolderSpec = 13;
			files = (
			);
			name = "Embed PlugIns";
			runOnlyForDeploymentPostprocessing = 0;
		};
/* End PBXCopyFilesBuildPhase section */

/* Begin PBXFileReference section */
		2C2104D01E5740E500C19F1E /* HLiOS2Framework.xcodeproj */ = {isa = PBXFileReference; lastKnownFileType = "wrapper.pb-project"; name = HLiOS2Framework.xcodeproj; path = ../../HLiOS2Framework/HLiOS2Framework/HLiOS2Framework.xcodeproj; sourceTree = "<group>"; };
		2C2104E81E57420A00C19F1E /* Base */ = {isa = PBXFileReference; lastKnownFileType = text.plist.strings; name = Base; path = Base.lproj/Localizable.strings; sourceTree = "<group>"; };
		2C2104EA1E57420C00C19F1E /* en */ = {isa = PBXFileReference; lastKnownFileType = text.plist.strings; name = en; path = en.lproj/Localizable.strings; sourceTree = "<group>"; };
		2C2104EB1E57422100C19F1E /* zh-Hans */ = {isa = PBXFileReference; lastKnownFileType = text.plist.strings; name = "zh-Hans"; path = "zh-Hans.lproj/LaunchScreen.strings"; sourceTree = "<group>"; };
		2C2104EC1E57422100C19F1E /* zh-Hans */ = {isa = PBXFileReference; lastKnownFileType = text.plist.strings; name = "zh-Hans"; path = "zh-Hans.lproj/Main.strings"; sourceTree = "<group>"; };
		2C2104ED1E57422200C19F1E /* zh-Hans */ = {isa = PBXFileReference; lastKnownFileType = text.plist.strings; name = "zh-Hans"; path = "zh-Hans.lproj/Localizable.strings"; sourceTree = "<group>"; };
		2C2104EF1E57422600C19F1E /* zh-Hant */ = {isa = PBXFileReference; lastKnownFileType = text.plist.strings; name = "zh-Hant"; path = "zh-Hant.lproj/LaunchScreen.strings"; sourceTree = "<group>"; };
		2C2104F01E57422700C19F1E /* zh-Hant */ = {isa = PBXFileReference; lastKnownFileType = text.plist.strings; name = "zh-Hant"; path = "zh-Hant.lproj/Main.strings"; sourceTree = "<group>"; };
		2C2104F11E57422700C19F1E /* zh-Hant */ = {isa = PBXFileReference; lastKnownFileType = text.plist.strings; name = "zh-Hant"; path = "zh-Hant.lproj/Localizable.strings"; sourceTree = "<group>"; };
		2C2104F21E57427600C19F1E /* CoreLocation.framework */ = {isa = PBXFileReference; lastKnownFileType = wrapper.framework; name = CoreLocation.framework; path = System/Library/Frameworks/CoreLocation.framework; sourceTree = SDKROOT; };
		2C2104F41E57427D00C19F1E /* MapKit.framework */ = {isa = PBXFileReference; lastKnownFileType = wrapper.framework; name = MapKit.framework; path = System/Library/Frameworks/MapKit.framework; sourceTree = SDKROOT; };
		2C2104F61E57428300C19F1E /* StoreKit.framework */ = {isa = PBXFileReference; lastKnownFileType = wrapper.framework; name = StoreKit.framework; path = System/Library/Frameworks/StoreKit.framework; sourceTree = SDKROOT; };
		2C2104F81E57429500C19F1E /* CoreTelephony.framework */ = {isa = PBXFileReference; lastKnownFileType = wrapper.framework; name = CoreTelephony.framework; path = System/Library/Frameworks/CoreTelephony.framework; sourceTree = SDKROOT; };
		2C2104FA1E57429B00C19F1E /* CoreVideo.framework */ = {isa = PBXFileReference; lastKnownFileType = wrapper.framework; name = CoreVideo.framework; path = System/Library/Frameworks/CoreVideo.framework; sourceTree = SDKROOT; };
		2C2104FC1E5742A300C19F1E /* AudioToolbox.framework */ = {isa = PBXFileReference; lastKnownFileType = wrapper.framework; name = AudioToolbox.framework; path = System/Library/Frameworks/AudioToolbox.framework; sourceTree = SDKROOT; };
		2C2104FE1E5742A900C19F1E /* Security.framework */ = {isa = PBXFileReference; lastKnownFileType = wrapper.framework; name = Security.framework; path = System/Library/Frameworks/Security.framework; sourceTree = SDKROOT; };
		2C2105001E5742B000C19F1E /* CoreText.framework */ = {isa = PBXFileReference; lastKnownFileType = wrapper.framework; name = CoreText.framework; path = System/Library/Frameworks/CoreText.framework; sourceTree = SDKROOT; };
		2C2105021E5742B600C19F1E /* ImageIO.framework */ = {isa = PBXFileReference; lastKnownFileType = wrapper.framework; name = ImageIO.framework; path = System/Library/Frameworks/ImageIO.framework; sourceTree = SDKROOT; };
		2C2105041E5742BC00C19F1E /* AssetsLibrary.framework */ = {isa = PBXFileReference; lastKnownFileType = wrapper.framework; name = AssetsLibrary.framework; path = System/Library/Frameworks/AssetsLibrary.framework; sourceTree = SDKROOT; };
		2C2105061E5742C200C19F1E /* AVFoundation.framework */ = {isa = PBXFileReference; lastKnownFileType = wrapper.framework; name = AVFoundation.framework; path = System/Library/Frameworks/AVFoundation.framework; sourceTree = SDKROOT; };
		2C2105081E5742CA00C19F1E /* CoreMedia.framework */ = {isa = PBXFileReference; lastKnownFileType = wrapper.framework; name = CoreMedia.framework; path = System/Library/Frameworks/CoreMedia.framework; sourceTree = SDKROOT; };
		2C21050A1E5742D400C19F1E /* MessageUI.framework */ = {isa = PBXFileReference; lastKnownFileType = wrapper.framework; name = MessageUI.framework; path = System/Library/Frameworks/MessageUI.framework; sourceTree = SDKROOT; };
		2C21050C1E5742DA00C19F1E /* OpenGLES.framework */ = {isa = PBXFileReference; lastKnownFileType = wrapper.framework; name = OpenGLES.framework; path = System/Library/Frameworks/OpenGLES.framework; sourceTree = SDKROOT; };
		2C21050E1E5742E100C19F1E /* MediaPlayer.framework */ = {isa = PBXFileReference; lastKnownFileType = wrapper.framework; name = MediaPlayer.framework; path = System/Library/Frameworks/MediaPlayer.framework; sourceTree = SDKROOT; };
		2C2105101E5742EB00C19F1E /* MobileCoreServices.framework */ = {isa = PBXFileReference; lastKnownFileType = wrapper.framework; name = MobileCoreServices.framework; path = System/Library/Frameworks/MobileCoreServices.framework; sourceTree = SDKROOT; };
		2C2105121E5742F200C19F1E /* SystemConfiguration.framework */ = {isa = PBXFileReference; lastKnownFileType = wrapper.framework; name = SystemConfiguration.framework; path = System/Library/Frameworks/SystemConfiguration.framework; sourceTree = SDKROOT; };
		2C2105141E5742F800C19F1E /* CFNetwork.framework */ = {isa = PBXFileReference; lastKnownFileType = wrapper.framework; name = CFNetwork.framework; path = System/Library/Frameworks/CFNetwork.framework; sourceTree = SDKROOT; };
		2C2105161E57430500C19F1E /* Accelerate.framework */ = {isa = PBXFileReference; lastKnownFileType = wrapper.framework; name = Accelerate.framework; path = System/Library/Frameworks/Accelerate.framework; sourceTree = SDKROOT; };
		2C2105181E57430D00C19F1E /* CoreImage.framework */ = {isa = PBXFileReference; lastKnownFileType = wrapper.framework; name = CoreImage.framework; path = System/Library/Frameworks/CoreImage.framework; sourceTree = SDKROOT; };
		2C21051A1E57431900C19F1E /* QuartzCore.framework */ = {isa = PBXFileReference; lastKnownFileType = wrapper.framework; name = QuartzCore.framework; path = System/Library/Frameworks/QuartzCore.framework; sourceTree = SDKROOT; };
		2C21051C1E57432400C19F1E /* CoreGraphics.framework */ = {isa = PBXFileReference; lastKnownFileType = wrapper.framework; name = CoreGraphics.framework; path = System/Library/Frameworks/CoreGraphics.framework; sourceTree = SDKROOT; };
		2C21051F1E57442700C19F1E /* appMaker.h */ = {isa = PBXFileReference; lastKnownFileType = sourcecode.c.h; path = appMaker.h; sourceTree = "<group>"; };
		2C2105211E57459400C19F1E /* youtube-ios-player-helper.xcodeproj */ = {isa = PBXFileReference; lastKnownFileType = "wrapper.pb-project"; name = "youtube-ios-player-helper.xcodeproj"; path = "Frameworks/youtube-ios-player-helper/youtube-ios-player-helper.xcodeproj"; sourceTree = SOURCE_ROOT; };
		2C4A259A1E5AD120003ED5C4 /* Zip.xcodeproj */ = {isa = PBXFileReference; lastKnownFileType = "wrapper.pb-project"; name = Zip.xcodeproj; path = Frameworks/Zip/Zip.xcodeproj; sourceTree = SOURCE_ROOT; };
		2C4A25B11E5AD199003ED5C4 /* crypt.h */ = {isa = PBXFileReference; fileEncoding = 4; lastKnownFileType = sourcecode.c.h; path = crypt.h; sourceTree = "<group>"; };
		2C4A25B21E5AD199003ED5C4 /* ioapi.c */ = {isa = PBXFileReference; fileEncoding = 4; lastKnownFileType = sourcecode.c.c; path = ioapi.c; sourceTree = "<group>"; };
		2C4A25B31E5AD199003ED5C4 /* ioapi.h */ = {isa = PBXFileReference; fileEncoding = 4; lastKnownFileType = sourcecode.c.h; path = ioapi.h; sourceTree = "<group>"; };
		2C4A25B41E5AD199003ED5C4 /* mztools.c */ = {isa = PBXFileReference; fileEncoding = 4; lastKnownFileType = sourcecode.c.c; path = mztools.c; sourceTree = "<group>"; };
		2C4A25B51E5AD199003ED5C4 /* mztools.h */ = {isa = PBXFileReference; fileEncoding = 4; lastKnownFileType = sourcecode.c.h; path = mztools.h; sourceTree = "<group>"; };
		2C4A25B61E5AD199003ED5C4 /* unzip.c */ = {isa = PBXFileReference; fileEncoding = 4; lastKnownFileType = sourcecode.c.c; path = unzip.c; sourceTree = "<group>"; };
		2C4A25B71E5AD199003ED5C4 /* unzip.h */ = {isa = PBXFileReference; fileEncoding = 4; lastKnownFileType = sourcecode.c.h; path = unzip.h; sourceTree = "<group>"; };
		2C4A25B81E5AD199003ED5C4 /* zip.c */ = {isa = PBXFileReference; fileEncoding = 4; lastKnownFileType = sourcecode.c.c; path = zip.c; sourceTree = "<group>"; };
		2C4A25B91E5AD199003ED5C4 /* zip.h */ = {isa = PBXFileReference; fileEncoding = 4; lastKnownFileType = sourcecode.c.h; path = zip.h; sourceTree = "<group>"; };
		2C4A25BA1E5AD199003ED5C4 /* ZipArchive.h */ = {isa = PBXFileReference; fileEncoding = 4; lastKnownFileType = sourcecode.c.h; path = ZipArchive.h; sourceTree = "<group>"; };
		2C4A25BB1E5AD199003ED5C4 /* ZipArchive.mm */ = {isa = PBXFileReference; fileEncoding = 4; lastKnownFileType = sourcecode.cpp.objcpp; path = ZipArchive.mm; sourceTree = "<group>"; };
		2C4A25C21E5AD280003ED5C4 /* CTidy.h */ = {isa = PBXFileReference; fileEncoding = 4; lastKnownFileType = sourcecode.c.h; path = CTidy.h; sourceTree = "<group>"; };
		2C4A25C31E5AD280003ED5C4 /* CTidy.m */ = {isa = PBXFileReference; fileEncoding = 4; lastKnownFileType = sourcecode.c.objc; path = CTidy.m; sourceTree = "<group>"; };
		2C4A25C41E5AD280003ED5C4 /* CXHTMLDocument.h */ = {isa = PBXFileReference; fileEncoding = 4; lastKnownFileType = sourcecode.c.h; path = CXHTMLDocument.h; sourceTree = "<group>"; };
		2C4A25C51E5AD280003ED5C4 /* CXHTMLDocument.m */ = {isa = PBXFileReference; fileEncoding = 4; lastKnownFileType = sourcecode.c.objc; path = CXHTMLDocument.m; sourceTree = "<group>"; };
		2C4A25C61E5AD280003ED5C4 /* CXMLDocument.h */ = {isa = PBXFileReference; fileEncoding = 4; lastKnownFileType = sourcecode.c.h; path = CXMLDocument.h; sourceTree = "<group>"; };
		2C4A25C71E5AD280003ED5C4 /* CXMLDocument.m */ = {isa = PBXFileReference; fileEncoding = 4; lastKnownFileType = sourcecode.c.objc; path = CXMLDocument.m; sourceTree = "<group>"; };
		2C4A25C81E5AD280003ED5C4 /* CXMLDocument_CreationExtensions.h */ = {isa = PBXFileReference; fileEncoding = 4; lastKnownFileType = sourcecode.c.h; path = CXMLDocument_CreationExtensions.h; sourceTree = "<group>"; };
		2C4A25C91E5AD280003ED5C4 /* CXMLDocument_CreationExtensions.m */ = {isa = PBXFileReference; fileEncoding = 4; lastKnownFileType = sourcecode.c.objc; path = CXMLDocument_CreationExtensions.m; sourceTree = "<group>"; };
		2C4A25CA1E5AD280003ED5C4 /* CXMLDocument_PrivateExtensions.h */ = {isa = PBXFileReference; fileEncoding = 4; lastKnownFileType = sourcecode.c.h; path = CXMLDocument_PrivateExtensions.h; sourceTree = "<group>"; };
		2C4A25CB1E5AD280003ED5C4 /* CXMLDocument_PrivateExtensions.m */ = {isa = PBXFileReference; fileEncoding = 4; lastKnownFileType = sourcecode.c.objc; path = CXMLDocument_PrivateExtensions.m; sourceTree = "<group>"; };
		2C4A25CC1E5AD280003ED5C4 /* CXMLElement.h */ = {isa = PBXFileReference; fileEncoding = 4; lastKnownFileType = sourcecode.c.h; path = CXMLElement.h; sourceTree = "<group>"; };
		2C4A25CD1E5AD280003ED5C4 /* CXMLElement.m */ = {isa = PBXFileReference; fileEncoding = 4; lastKnownFileType = sourcecode.c.objc; path = CXMLElement.m; sourceTree = "<group>"; };
		2C4A25CE1E5AD280003ED5C4 /* CXMLElement_CreationExtensions.h */ = {isa = PBXFileReference; fileEncoding = 4; lastKnownFileType = sourcecode.c.h; path = CXMLElement_CreationExtensions.h; sourceTree = "<group>"; };
		2C4A25CF1E5AD280003ED5C4 /* CXMLElement_CreationExtensions.m */ = {isa = PBXFileReference; fileEncoding = 4; lastKnownFileType = sourcecode.c.objc; path = CXMLElement_CreationExtensions.m; sourceTree = "<group>"; };
		2C4A25D01E5AD280003ED5C4 /* CXMLElement_ElementTreeExtensions.h */ = {isa = PBXFileReference; fileEncoding = 4; lastKnownFileType = sourcecode.c.h; path = CXMLElement_ElementTreeExtensions.h; sourceTree = "<group>"; };
		2C4A25D11E5AD280003ED5C4 /* CXMLElement_ElementTreeExtensions.m */ = {isa = PBXFileReference; fileEncoding = 4; lastKnownFileType = sourcecode.c.objc; path = CXMLElement_ElementTreeExtensions.m; sourceTree = "<group>"; };
		2C4A25D21E5AD280003ED5C4 /* CXMLNamespaceNode.h */ = {isa = PBXFileReference; fileEncoding = 4; lastKnownFileType = sourcecode.c.h; path = CXMLNamespaceNode.h; sourceTree = "<group>"; };
		2C4A25D31E5AD280003ED5C4 /* CXMLNamespaceNode.m */ = {isa = PBXFileReference; fileEncoding = 4; lastKnownFileType = sourcecode.c.objc; path = CXMLNamespaceNode.m; sourceTree = "<group>"; };
		2C4A25D41E5AD280003ED5C4 /* CXMLNode.h */ = {isa = PBXFileReference; fileEncoding = 4; lastKnownFileType = sourcecode.c.h; path = CXMLNode.h; sourceTree = "<group>"; };
		2C4A25D51E5AD280003ED5C4 /* CXMLNode.m */ = {isa = PBXFileReference; fileEncoding = 4; lastKnownFileType = sourcecode.c.objc; path = CXMLNode.m; sourceTree = "<group>"; };
		2C4A25D61E5AD280003ED5C4 /* CXMLNode_CreationExtensions.h */ = {isa = PBXFileReference; fileEncoding = 4; lastKnownFileType = sourcecode.c.h; path = CXMLNode_CreationExtensions.h; sourceTree = "<group>"; };
		2C4A25D71E5AD280003ED5C4 /* CXMLNode_CreationExtensions.m */ = {isa = PBXFileReference; fileEncoding = 4; lastKnownFileType = sourcecode.c.objc; path = CXMLNode_CreationExtensions.m; sourceTree = "<group>"; };
		2C4A25D81E5AD280003ED5C4 /* CXMLNode_PrivateExtensions.h */ = {isa = PBXFileReference; fileEncoding = 4; lastKnownFileType = sourcecode.c.h; path = CXMLNode_PrivateExtensions.h; sourceTree = "<group>"; };
		2C4A25D91E5AD280003ED5C4 /* CXMLNode_PrivateExtensions.m */ = {isa = PBXFileReference; fileEncoding = 4; lastKnownFileType = sourcecode.c.objc; path = CXMLNode_PrivateExtensions.m; sourceTree = "<group>"; };
		2C4A25DA1E5AD280003ED5C4 /* CXMLNode_XPathExtensions.h */ = {isa = PBXFileReference; fileEncoding = 4; lastKnownFileType = sourcecode.c.h; path = CXMLNode_XPathExtensions.h; sourceTree = "<group>"; };
		2C4A25DB1E5AD280003ED5C4 /* CXMLNode_XPathExtensions.m */ = {isa = PBXFileReference; fileEncoding = 4; lastKnownFileType = sourcecode.c.objc; path = CXMLNode_XPathExtensions.m; sourceTree = "<group>"; };
		2C4A25DC1E5AD280003ED5C4 /* TouchXML.h */ = {isa = PBXFileReference; fileEncoding = 4; lastKnownFileType = sourcecode.c.h; path = TouchXML.h; sourceTree = "<group>"; };
		2C4C27681E574A0A003C5A1F /* appMakerResources.bundle */ = {isa = PBXFileReference; lastKnownFileType = "wrapper.plug-in"; path = appMakerResources.bundle; sourceTree = "<group>"; };
		2C4C27691E574A0A003C5A1F /* appMakerUI.xcassets */ = {isa = PBXFileReference; lastKnownFileType = folder.assetcatalog; path = appMakerUI.xcassets; sourceTree = "<group>"; };
		2C4C276A1E574A0A003C5A1F /* WebImage.framework */ = {isa = PBXFileReference; lastKnownFileType = wrapper.framework; path = WebImage.framework; sourceTree = "<group>"; };
		2C4C276B1E574A0A003C5A1F /* YouTubeiOSPlayerHelper.framework */ = {isa = PBXFileReference; lastKnownFileType = wrapper.framework; path = YouTubeiOSPlayerHelper.framework; sourceTree = "<group>"; };
		2C4C27A91E580206003C5A1F /* PromiseKit.xcodeproj */ = {isa = PBXFileReference; lastKnownFileType = "wrapper.pb-project"; name = PromiseKit.xcodeproj; path = Frameworks/PromiseKit/PromiseKit.xcodeproj; sourceTree = SOURCE_ROOT; };
		2C4C27BC1E580420003C5A1F /* Alamofire.xcodeproj */ = {isa = PBXFileReference; lastKnownFileType = "wrapper.pb-project"; name = Alamofire.xcodeproj; path = Frameworks/Alamofire/Alamofire.xcodeproj; sourceTree = SOURCE_ROOT; };
		2C4C27F51E5888C9003C5A1F /* Smart App Creator-Bridging-Header.h */ = {isa = PBXFileReference; lastKnownFileType = sourcecode.c.h; path = "Smart App Creator-Bridging-Header.h"; sourceTree = "<group>"; };
		2C4C28351E588DF4003C5A1F /* libxml2.tbd */ = {isa = PBXFileReference; lastKnownFileType = "sourcecode.text-based-dylib-definition"; name = libxml2.tbd; path = usr/lib/libxml2.tbd; sourceTree = SDKROOT; };
		2C909F241E5A9B670076933F /* libz.tbd */ = {isa = PBXFileReference; lastKnownFileType = "sourcecode.text-based-dylib-definition"; name = libz.tbd; path = usr/lib/libz.tbd; sourceTree = SDKROOT; };
		2C994C731E56D52600895B30 /* Smart App Creator.app */ = {isa = PBXFileReference; explicitFileType = wrapper.application; includeInIndex = 0; path = "Smart App Creator.app"; sourceTree = BUILT_PRODUCTS_DIR; };
		2C994C871E56D52600895B30 /* Smart App CreatorTests.xctest */ = {isa = PBXFileReference; explicitFileType = wrapper.cfbundle; includeInIndex = 0; path = "Smart App CreatorTests.xctest"; sourceTree = BUILT_PRODUCTS_DIR; };
		2C994C8B1E56D52600895B30 /* SACPublisherTests.swift */ = {isa = PBXFileReference; lastKnownFileType = sourcecode.swift; path = SACPublisherTests.swift; sourceTree = "<group>"; };
		2C994C8D1E56D52600895B30 /* Info.plist */ = {isa = PBXFileReference; lastKnownFileType = text.plist.xml; path = Info.plist; sourceTree = "<group>"; };
		2C994C921E56D52600895B30 /* Smart App CreatorUITests.xctest */ = {isa = PBXFileReference; explicitFileType = wrapper.cfbundle; includeInIndex = 0; path = "Smart App CreatorUITests.xctest"; sourceTree = BUILT_PRODUCTS_DIR; };
		2C994C961E56D52600895B30 /* SACPublisherUITests.swift */ = {isa = PBXFileReference; lastKnownFileType = sourcecode.swift; path = SACPublisherUITests.swift; sourceTree = "<group>"; };
		2C994C981E56D52600895B30 /* Info.plist */ = {isa = PBXFileReference; lastKnownFileType = text.plist.xml; path = Info.plist; sourceTree = "<group>"; };
		2C994CAA1E56DCB500895B30 /* AppDelegate.swift */ = {isa = PBXFileReference; fileEncoding = 4; lastKnownFileType = sourcecode.swift; path = AppDelegate.swift; sourceTree = "<group>"; };
		2C994CAB1E56DCB500895B30 /* Assets.xcassets */ = {isa = PBXFileReference; lastKnownFileType = folder.assetcatalog; path = Assets.xcassets; sourceTree = "<group>"; };
		2C994CAD1E56DCB500895B30 /* Base */ = {isa = PBXFileReference; lastKnownFileType = file.storyboard; name = Base; path = Base.lproj/LaunchScreen.storyboard; sourceTree = "<group>"; };
		2C994CAF1E56DCB500895B30 /* Base */ = {isa = PBXFileReference; lastKnownFileType = file.storyboard; name = Base; path = Base.lproj/Main.storyboard; sourceTree = "<group>"; };
		2C994CB01E56DCB500895B30 /* Info.plist */ = {isa = PBXFileReference; fileEncoding = 4; lastKnownFileType = text.plist.xml; path = Info.plist; sourceTree = "<group>"; };
		2C994CB11E56DCB500895B30 /* ViewController.swift */ = {isa = PBXFileReference; fileEncoding = 4; lastKnownFileType = sourcecode.swift; path = ViewController.swift; sourceTree = "<group>"; };
/* End PBXFileReference section */

/* Begin PBXFrameworksBuildPhase section */
		2C994C701E56D52600895B30 /* Frameworks */ = {
			isa = PBXFrameworksBuildPhase;
			buildActionMask = 2147483647;
			files = (
				2C909F251E5A9B670076933F /* libz.tbd in Frameworks */,
				2C4C28361E588DF4003C5A1F /* libxml2.tbd in Frameworks */,
				2C4C27D51E58042E003C5A1F /* Alamofire.framework in Frameworks */,
				2C4C27BB1E580374003C5A1F /* PromiseKit.framework in Frameworks */,
				2C21051E1E57437D00C19F1E /* libHLiOS2Framework.a in Frameworks */,
				2C21051D1E57432400C19F1E /* CoreGraphics.framework in Frameworks */,
				2C21051B1E57431900C19F1E /* QuartzCore.framework in Frameworks */,
				2C2105191E57430D00C19F1E /* CoreImage.framework in Frameworks */,
				2C2105171E57430500C19F1E /* Accelerate.framework in Frameworks */,
				2C2105151E5742F800C19F1E /* CFNetwork.framework in Frameworks */,
				2C2105131E5742F200C19F1E /* SystemConfiguration.framework in Frameworks */,
				2C2105111E5742EB00C19F1E /* MobileCoreServices.framework in Frameworks */,
				2C21050F1E5742E100C19F1E /* MediaPlayer.framework in Frameworks */,
				2C4C27D61E580B82003C5A1F /* Alamofire.framework in Frameworks */,
				2C21050D1E5742DA00C19F1E /* OpenGLES.framework in Frameworks */,
				2C21050B1E5742D400C19F1E /* MessageUI.framework in Frameworks */,
				2C2105091E5742CA00C19F1E /* CoreMedia.framework in Frameworks */,
				2C2105071E5742C200C19F1E /* AVFoundation.framework in Frameworks */,
				2C2105051E5742BC00C19F1E /* AssetsLibrary.framework in Frameworks */,
				2C4C276F1E574A0A003C5A1F /* YouTubeiOSPlayerHelper.framework in Frameworks */,
				2C2105031E5742B600C19F1E /* ImageIO.framework in Frameworks */,
				2C2105011E5742B000C19F1E /* CoreText.framework in Frameworks */,
				2C2104FF1E5742AA00C19F1E /* Security.framework in Frameworks */,
				2C2104FD1E5742A300C19F1E /* AudioToolbox.framework in Frameworks */,
				2C4C27DA1E580BAB003C5A1F /* PromiseKit.framework in Frameworks */,
				2C2104FB1E57429B00C19F1E /* CoreVideo.framework in Frameworks */,
				2C2104F91E57429500C19F1E /* CoreTelephony.framework in Frameworks */,
				2C2104F71E57428300C19F1E /* StoreKit.framework in Frameworks */,
				2C4A25AC1E5AD140003ED5C4 /* Zip.framework in Frameworks */,
				2C2104F51E57427D00C19F1E /* MapKit.framework in Frameworks */,
				2C2105271E5745A400C19F1E /* YouTubeiOSPlayerHelper.framework in Frameworks */,
				2C2104F31E57427600C19F1E /* CoreLocation.framework in Frameworks */,
			);
			runOnlyForDeploymentPostprocessing = 0;
		};
		2C994C841E56D52600895B30 /* Frameworks */ = {
			isa = PBXFrameworksBuildPhase;
			buildActionMask = 2147483647;
			files = (
			);
			runOnlyForDeploymentPostprocessing = 0;
		};
		2C994C8F1E56D52600895B30 /* Frameworks */ = {
			isa = PBXFrameworksBuildPhase;
			buildActionMask = 2147483647;
			files = (
			);
			runOnlyForDeploymentPostprocessing = 0;
		};
/* End PBXFrameworksBuildPhase section */

/* Begin PBXGroup section */
		2C2104C51E57407800C19F1E /* Frameworks */ = {
			isa = PBXGroup;
			children = (
				2C909F241E5A9B670076933F /* libz.tbd */,
				2C4C28351E588DF4003C5A1F /* libxml2.tbd */,
				2C4A25C11E5AD280003ED5C4 /* TouchXML */,
				2C4A25B01E5AD199003ED5C4 /* Unzip */,
				2C4C27671E574A0A003C5A1F /* appMakerSDK */,
				2C4A259A1E5AD120003ED5C4 /* Zip.xcodeproj */,
				2C4C27BC1E580420003C5A1F /* Alamofire.xcodeproj */,
				2C4C27A91E580206003C5A1F /* PromiseKit.xcodeproj */,
				2C2105211E57459400C19F1E /* youtube-ios-player-helper.xcodeproj */,
				2C2104D01E5740E500C19F1E /* HLiOS2Framework.xcodeproj */,
				2C21051C1E57432400C19F1E /* CoreGraphics.framework */,
				2C21051A1E57431900C19F1E /* QuartzCore.framework */,
				2C2105181E57430D00C19F1E /* CoreImage.framework */,
				2C2105161E57430500C19F1E /* Accelerate.framework */,
				2C2105141E5742F800C19F1E /* CFNetwork.framework */,
				2C2105121E5742F200C19F1E /* SystemConfiguration.framework */,
				2C2105101E5742EB00C19F1E /* MobileCoreServices.framework */,
				2C21050E1E5742E100C19F1E /* MediaPlayer.framework */,
				2C21050C1E5742DA00C19F1E /* OpenGLES.framework */,
				2C21050A1E5742D400C19F1E /* MessageUI.framework */,
				2C2105081E5742CA00C19F1E /* CoreMedia.framework */,
				2C2105061E5742C200C19F1E /* AVFoundation.framework */,
				2C2105041E5742BC00C19F1E /* AssetsLibrary.framework */,
				2C2105021E5742B600C19F1E /* ImageIO.framework */,
				2C2105001E5742B000C19F1E /* CoreText.framework */,
				2C2104FE1E5742A900C19F1E /* Security.framework */,
				2C2104FC1E5742A300C19F1E /* AudioToolbox.framework */,
				2C2104FA1E57429B00C19F1E /* CoreVideo.framework */,
				2C2104F81E57429500C19F1E /* CoreTelephony.framework */,
				2C2104F61E57428300C19F1E /* StoreKit.framework */,
				2C2104F41E57427D00C19F1E /* MapKit.framework */,
				2C2104F21E57427600C19F1E /* CoreLocation.framework */,
			);
			name = Frameworks;
			path = "Smart App Creator";
			sourceTree = "<group>";
		};
		2C2104D11E5740E500C19F1E /* Products */ = {
			isa = PBXGroup;
			children = (
				2C2104D71E5740E600C19F1E /* libHLiOS2Framework.a */,
				2C2104D91E5740E600C19F1E /* appMakerResources.bundle */,
			);
			name = Products;
			sourceTree = "<group>";
		};
		2C2105221E57459400C19F1E /* Products */ = {
			isa = PBXGroup;
			children = (
				2C2105261E57459400C19F1E /* YouTubeiOSPlayerHelper.framework */,
			);
			name = Products;
			sourceTree = "<group>";
		};
		2C4A259B1E5AD120003ED5C4 /* Products */ = {
			isa = PBXGroup;
			children = (
				2C4A25A31E5AD120003ED5C4 /* Zip.framework */,
				2C4A25A51E5AD120003ED5C4 /* ZipTests.xctest */,
				2C4A25A71E5AD120003ED5C4 /* Zip.framework */,
				2C4A25A91E5AD120003ED5C4 /* Zip OSXTests.xctest */,
				2C4A25AB1E5AD120003ED5C4 /* Zip.framework */,
			);
			name = Products;
			sourceTree = "<group>";
		};
		2C4A25B01E5AD199003ED5C4 /* Unzip */ = {
			isa = PBXGroup;
			children = (
				2C4A25B11E5AD199003ED5C4 /* crypt.h */,
				2C4A25B21E5AD199003ED5C4 /* ioapi.c */,
				2C4A25B31E5AD199003ED5C4 /* ioapi.h */,
				2C4A25B41E5AD199003ED5C4 /* mztools.c */,
				2C4A25B51E5AD199003ED5C4 /* mztools.h */,
				2C4A25B61E5AD199003ED5C4 /* unzip.c */,
				2C4A25B71E5AD199003ED5C4 /* unzip.h */,
				2C4A25B81E5AD199003ED5C4 /* zip.c */,
				2C4A25B91E5AD199003ED5C4 /* zip.h */,
				2C4A25BA1E5AD199003ED5C4 /* ZipArchive.h */,
				2C4A25BB1E5AD199003ED5C4 /* ZipArchive.mm */,
			);
			name = Unzip;
			path = Frameworks/Unzip;
			sourceTree = SOURCE_ROOT;
		};
		2C4A25C11E5AD280003ED5C4 /* TouchXML */ = {
			isa = PBXGroup;
			children = (
				2C4A25C21E5AD280003ED5C4 /* CTidy.h */,
				2C4A25C31E5AD280003ED5C4 /* CTidy.m */,
				2C4A25C41E5AD280003ED5C4 /* CXHTMLDocument.h */,
				2C4A25C51E5AD280003ED5C4 /* CXHTMLDocument.m */,
				2C4A25C61E5AD280003ED5C4 /* CXMLDocument.h */,
				2C4A25C71E5AD280003ED5C4 /* CXMLDocument.m */,
				2C4A25C81E5AD280003ED5C4 /* CXMLDocument_CreationExtensions.h */,
				2C4A25C91E5AD280003ED5C4 /* CXMLDocument_CreationExtensions.m */,
				2C4A25CA1E5AD280003ED5C4 /* CXMLDocument_PrivateExtensions.h */,
				2C4A25CB1E5AD280003ED5C4 /* CXMLDocument_PrivateExtensions.m */,
				2C4A25CC1E5AD280003ED5C4 /* CXMLElement.h */,
				2C4A25CD1E5AD280003ED5C4 /* CXMLElement.m */,
				2C4A25CE1E5AD280003ED5C4 /* CXMLElement_CreationExtensions.h */,
				2C4A25CF1E5AD280003ED5C4 /* CXMLElement_CreationExtensions.m */,
				2C4A25D01E5AD280003ED5C4 /* CXMLElement_ElementTreeExtensions.h */,
				2C4A25D11E5AD280003ED5C4 /* CXMLElement_ElementTreeExtensions.m */,
				2C4A25D21E5AD280003ED5C4 /* CXMLNamespaceNode.h */,
				2C4A25D31E5AD280003ED5C4 /* CXMLNamespaceNode.m */,
				2C4A25D41E5AD280003ED5C4 /* CXMLNode.h */,
				2C4A25D51E5AD280003ED5C4 /* CXMLNode.m */,
				2C4A25D61E5AD280003ED5C4 /* CXMLNode_CreationExtensions.h */,
				2C4A25D71E5AD280003ED5C4 /* CXMLNode_CreationExtensions.m */,
				2C4A25D81E5AD280003ED5C4 /* CXMLNode_PrivateExtensions.h */,
				2C4A25D91E5AD280003ED5C4 /* CXMLNode_PrivateExtensions.m */,
				2C4A25DA1E5AD280003ED5C4 /* CXMLNode_XPathExtensions.h */,
				2C4A25DB1E5AD280003ED5C4 /* CXMLNode_XPathExtensions.m */,
				2C4A25DC1E5AD280003ED5C4 /* TouchXML.h */,
			);
			name = TouchXML;
			path = Frameworks/TouchXML;
			sourceTree = SOURCE_ROOT;
		};
		2C4C27671E574A0A003C5A1F /* appMakerSDK */ = {
			isa = PBXGroup;
			children = (
				2C4C27681E574A0A003C5A1F /* appMakerResources.bundle */,
				2C4C27691E574A0A003C5A1F /* appMakerUI.xcassets */,
				2C4C276A1E574A0A003C5A1F /* WebImage.framework */,
				2C4C276B1E574A0A003C5A1F /* YouTubeiOSPlayerHelper.framework */,
			);
			path = appMakerSDK;
			sourceTree = "<group>";
		};
		2C4C27AA1E580206003C5A1F /* Products */ = {
			isa = PBXGroup;
			children = (
				2C4C27B21E580207003C5A1F /* PromiseKit.framework */,
				2C4C27B41E580207003C5A1F /* PMKA+Tests.xctest */,
				2C4C27B61E580207003C5A1F /* PMKBridgeTests.xctest */,
				2C4C27B81E580207003C5A1F /* PMKCoreTests.xctest */,
				2C4C27BA1E580207003C5A1F /* PMKDispatchTests.xctest */,
			);
			name = Products;
			sourceTree = "<group>";
		};
		2C4C27BD1E580420003C5A1F /* Products */ = {
			isa = PBXGroup;
			children = (
				2C4C27C81E580421003C5A1F /* Alamofire.framework */,
				2C4C27CA1E580421003C5A1F /* Alamofire iOS Tests.xctest */,
				2C4C27CC1E580421003C5A1F /* Alamofire.framework */,
				2C4C27CE1E580421003C5A1F /* Alamofire macOS Tests.xctest */,
				2C4C27D01E580421003C5A1F /* Alamofire.framework */,
				2C4C27D21E580421003C5A1F /* Alamofire tvOS Tests.xctest */,
				2C4C27D41E580421003C5A1F /* Alamofire.framework */,
			);
			name = Products;
			sourceTree = "<group>";
		};
		2C994C6A1E56D52600895B30 = {
			isa = PBXGroup;
			children = (
				2C994CA91E56DCB500895B30 /* Smart App Creator */,
				2C2104C51E57407800C19F1E /* Frameworks */,
				2C994C8A1E56D52600895B30 /* SACPublisherTests */,
				2C994C951E56D52600895B30 /* SACPublisherUITests */,
				2C994C741E56D52600895B30 /* Products */,
			);
			sourceTree = "<group>";
		};
		2C994C741E56D52600895B30 /* Products */ = {
			isa = PBXGroup;
			children = (
				2C994C731E56D52600895B30 /* Smart App Creator.app */,
				2C994C871E56D52600895B30 /* Smart App CreatorTests.xctest */,
				2C994C921E56D52600895B30 /* Smart App CreatorUITests.xctest */,
			);
			name = Products;
			sourceTree = "<group>";
		};
		2C994C8A1E56D52600895B30 /* SACPublisherTests */ = {
			isa = PBXGroup;
			children = (
				2C994C8B1E56D52600895B30 /* SACPublisherTests.swift */,
				2C994C8D1E56D52600895B30 /* Info.plist */,
			);
			path = SACPublisherTests;
			sourceTree = "<group>";
		};
		2C994C951E56D52600895B30 /* SACPublisherUITests */ = {
			isa = PBXGroup;
			children = (
				2C994C961E56D52600895B30 /* SACPublisherUITests.swift */,
				2C994C981E56D52600895B30 /* Info.plist */,
			);
			path = SACPublisherUITests;
			sourceTree = "<group>";
		};
		2C994CA91E56DCB500895B30 /* Smart App Creator */ = {
			isa = PBXGroup;
			children = (
				2C21051F1E57442700C19F1E /* appMaker.h */,
				2C994CAA1E56DCB500895B30 /* AppDelegate.swift */,
				2C994CB11E56DCB500895B30 /* ViewController.swift */,
				2C994CAB1E56DCB500895B30 /* Assets.xcassets */,
				2C994CAC1E56DCB500895B30 /* LaunchScreen.storyboard */,
				2C994CAE1E56DCB500895B30 /* Main.storyboard */,
				2C994CB01E56DCB500895B30 /* Info.plist */,
				2C2104E91E57420A00C19F1E /* Localizable.strings */,
				2C4C27F51E5888C9003C5A1F /* Smart App Creator-Bridging-Header.h */,
			);
			path = "Smart App Creator";
			sourceTree = "<group>";
		};
/* End PBXGroup section */

/* Begin PBXNativeTarget section */
		2C994C721E56D52600895B30 /* Smart App Creator */ = {
			isa = PBXNativeTarget;
			buildConfigurationList = 2C994C9B1E56D52600895B30 /* Build configuration list for PBXNativeTarget "Smart App Creator" */;
			buildPhases = (
				2C994C6F1E56D52600895B30 /* Sources */,
				2C994C701E56D52600895B30 /* Frameworks */,
				2C994C711E56D52600895B30 /* Resources */,
				2C2104AB1E56DE9000C19F1E /* Embed Frameworks */,
				2C21052E1E57464700C19F1E /* Embed PlugIns */,
			);
			buildRules = (
			);
			dependencies = (
				2C21052A1E5745A400C19F1E /* PBXTargetDependency */,
				2C4C27D91E580B82003C5A1F /* PBXTargetDependency */,
				2C4C27DD1E580BAB003C5A1F /* PBXTargetDependency */,
				2C4A25AF1E5AD140003ED5C4 /* PBXTargetDependency */,
			);
			name = "Smart App Creator";
			productName = SACPublisher;
			productReference = 2C994C731E56D52600895B30 /* Smart App Creator.app */;
			productType = "com.apple.product-type.application";
		};
		2C994C861E56D52600895B30 /* Smart App CreatorTests */ = {
			isa = PBXNativeTarget;
			buildConfigurationList = 2C994C9E1E56D52600895B30 /* Build configuration list for PBXNativeTarget "Smart App CreatorTests" */;
			buildPhases = (
				2C994C831E56D52600895B30 /* Sources */,
				2C994C841E56D52600895B30 /* Frameworks */,
				2C994C851E56D52600895B30 /* Resources */,
			);
			buildRules = (
			);
			dependencies = (
				2C994C891E56D52600895B30 /* PBXTargetDependency */,
			);
			name = "Smart App CreatorTests";
			productName = SACPublisherTests;
			productReference = 2C994C871E56D52600895B30 /* Smart App CreatorTests.xctest */;
			productType = "com.apple.product-type.bundle.unit-test";
		};
		2C994C911E56D52600895B30 /* Smart App CreatorUITests */ = {
			isa = PBXNativeTarget;
			buildConfigurationList = 2C994CA11E56D52600895B30 /* Build configuration list for PBXNativeTarget "Smart App CreatorUITests" */;
			buildPhases = (
				2C994C8E1E56D52600895B30 /* Sources */,
				2C994C8F1E56D52600895B30 /* Frameworks */,
				2C994C901E56D52600895B30 /* Resources */,
			);
			buildRules = (
			);
			dependencies = (
				2C994C941E56D52600895B30 /* PBXTargetDependency */,
			);
			name = "Smart App CreatorUITests";
			productName = SACPublisherUITests;
			productReference = 2C994C921E56D52600895B30 /* Smart App CreatorUITests.xctest */;
			productType = "com.apple.product-type.bundle.ui-testing";
		};
/* End PBXNativeTarget section */

/* Begin PBXProject section */
		2C994C6B1E56D52600895B30 /* Project object */ = {
			isa = PBXProject;
			attributes = {
				LastSwiftUpdateCheck = 0820;
				LastUpgradeCheck = 0820;
				ORGANIZATIONNAME = botai;
				TargetAttributes = {
					2C994C721E56D52600895B30 = {
						CreatedOnToolsVersion = 8.2.1;
						DevelopmentTeam = N8WL2V9VY9;
						LastSwiftMigration = 0820;
						ProvisioningStyle = Manual;
					};
					2C994C861E56D52600895B30 = {
						CreatedOnToolsVersion = 8.2.1;
						ProvisioningStyle = Automatic;
						TestTargetID = 2C994C721E56D52600895B30;
					};
					2C994C911E56D52600895B30 = {
						CreatedOnToolsVersion = 8.2.1;
						ProvisioningStyle = Automatic;
						TestTargetID = 2C994C721E56D52600895B30;
					};
				};
			};
			buildConfigurationList = 2C994C6E1E56D52600895B30 /* Build configuration list for PBXProject "Smart App Creator" */;
			compatibilityVersion = "Xcode 3.2";
			developmentRegion = English;
			hasScannedForEncodings = 0;
			knownRegions = (
				en,
				Base,
				"zh-Hans",
				"zh-Hant",
			);
			mainGroup = 2C994C6A1E56D52600895B30;
			productRefGroup = 2C994C741E56D52600895B30 /* Products */;
			projectDirPath = "";
			projectReferences = (
				{
					ProductGroup = 2C4C27BD1E580420003C5A1F /* Products */;
					ProjectRef = 2C4C27BC1E580420003C5A1F /* Alamofire.xcodeproj */;
				},
				{
					ProductGroup = 2C2104D11E5740E500C19F1E /* Products */;
					ProjectRef = 2C2104D01E5740E500C19F1E /* HLiOS2Framework.xcodeproj */;
				},
				{
					ProductGroup = 2C4C27AA1E580206003C5A1F /* Products */;
					ProjectRef = 2C4C27A91E580206003C5A1F /* PromiseKit.xcodeproj */;
				},
				{
					ProductGroup = 2C2105221E57459400C19F1E /* Products */;
					ProjectRef = 2C2105211E57459400C19F1E /* youtube-ios-player-helper.xcodeproj */;
				},
				{
					ProductGroup = 2C4A259B1E5AD120003ED5C4 /* Products */;
					ProjectRef = 2C4A259A1E5AD120003ED5C4 /* Zip.xcodeproj */;
				},
			);
			projectRoot = "";
			targets = (
				2C994C721E56D52600895B30 /* Smart App Creator */,
				2C994C861E56D52600895B30 /* Smart App CreatorTests */,
				2C994C911E56D52600895B30 /* Smart App CreatorUITests */,
			);
		};
/* End PBXProject section */

/* Begin PBXReferenceProxy section */
		2C2104D71E5740E600C19F1E /* libHLiOS2Framework.a */ = {
			isa = PBXReferenceProxy;
			fileType = archive.ar;
			path = libHLiOS2Framework.a;
			remoteRef = 2C2104D61E5740E600C19F1E /* PBXContainerItemProxy */;
			sourceTree = BUILT_PRODUCTS_DIR;
		};
		2C2104D91E5740E600C19F1E /* appMakerResources.bundle */ = {
			isa = PBXReferenceProxy;
			fileType = wrapper.cfbundle;
			path = appMakerResources.bundle;
			remoteRef = 2C2104D81E5740E600C19F1E /* PBXContainerItemProxy */;
			sourceTree = BUILT_PRODUCTS_DIR;
		};
		2C2105261E57459400C19F1E /* YouTubeiOSPlayerHelper.framework */ = {
			isa = PBXReferenceProxy;
			fileType = wrapper.framework;
			path = YouTubeiOSPlayerHelper.framework;
			remoteRef = 2C2105251E57459400C19F1E /* PBXContainerItemProxy */;
			sourceTree = BUILT_PRODUCTS_DIR;
		};
		2C4A25A31E5AD120003ED5C4 /* Zip.framework */ = {
			isa = PBXReferenceProxy;
			fileType = wrapper.framework;
			path = Zip.framework;
			remoteRef = 2C4A25A21E5AD120003ED5C4 /* PBXContainerItemProxy */;
			sourceTree = BUILT_PRODUCTS_DIR;
		};
		2C4A25A51E5AD120003ED5C4 /* ZipTests.xctest */ = {
			isa = PBXReferenceProxy;
			fileType = wrapper.cfbundle;
			path = ZipTests.xctest;
			remoteRef = 2C4A25A41E5AD120003ED5C4 /* PBXContainerItemProxy */;
			sourceTree = BUILT_PRODUCTS_DIR;
		};
		2C4A25A71E5AD120003ED5C4 /* Zip.framework */ = {
			isa = PBXReferenceProxy;
			fileType = wrapper.framework;
			path = Zip.framework;
			remoteRef = 2C4A25A61E5AD120003ED5C4 /* PBXContainerItemProxy */;
			sourceTree = BUILT_PRODUCTS_DIR;
		};
		2C4A25A91E5AD120003ED5C4 /* Zip OSXTests.xctest */ = {
			isa = PBXReferenceProxy;
			fileType = wrapper.cfbundle;
			path = "Zip OSXTests.xctest";
			remoteRef = 2C4A25A81E5AD120003ED5C4 /* PBXContainerItemProxy */;
			sourceTree = BUILT_PRODUCTS_DIR;
		};
		2C4A25AB1E5AD120003ED5C4 /* Zip.framework */ = {
			isa = PBXReferenceProxy;
			fileType = wrapper.framework;
			path = Zip.framework;
			remoteRef = 2C4A25AA1E5AD120003ED5C4 /* PBXContainerItemProxy */;
			sourceTree = BUILT_PRODUCTS_DIR;
		};
		2C4C27B21E580207003C5A1F /* PromiseKit.framework */ = {
			isa = PBXReferenceProxy;
			fileType = wrapper.framework;
			path = PromiseKit.framework;
			remoteRef = 2C4C27B11E580207003C5A1F /* PBXContainerItemProxy */;
			sourceTree = BUILT_PRODUCTS_DIR;
		};
		2C4C27B41E580207003C5A1F /* PMKA+Tests.xctest */ = {
			isa = PBXReferenceProxy;
			fileType = wrapper.cfbundle;
			path = "PMKA+Tests.xctest";
			remoteRef = 2C4C27B31E580207003C5A1F /* PBXContainerItemProxy */;
			sourceTree = BUILT_PRODUCTS_DIR;
		};
		2C4C27B61E580207003C5A1F /* PMKBridgeTests.xctest */ = {
			isa = PBXReferenceProxy;
			fileType = wrapper.cfbundle;
			path = PMKBridgeTests.xctest;
			remoteRef = 2C4C27B51E580207003C5A1F /* PBXContainerItemProxy */;
			sourceTree = BUILT_PRODUCTS_DIR;
		};
		2C4C27B81E580207003C5A1F /* PMKCoreTests.xctest */ = {
			isa = PBXReferenceProxy;
			fileType = wrapper.cfbundle;
			path = PMKCoreTests.xctest;
			remoteRef = 2C4C27B71E580207003C5A1F /* PBXContainerItemProxy */;
			sourceTree = BUILT_PRODUCTS_DIR;
		};
		2C4C27BA1E580207003C5A1F /* PMKDispatchTests.xctest */ = {
			isa = PBXReferenceProxy;
			fileType = wrapper.cfbundle;
			path = PMKDispatchTests.xctest;
			remoteRef = 2C4C27B91E580207003C5A1F /* PBXContainerItemProxy */;
			sourceTree = BUILT_PRODUCTS_DIR;
		};
		2C4C27C81E580421003C5A1F /* Alamofire.framework */ = {
			isa = PBXReferenceProxy;
			fileType = wrapper.framework;
			path = Alamofire.framework;
			remoteRef = 2C4C27C71E580421003C5A1F /* PBXContainerItemProxy */;
			sourceTree = BUILT_PRODUCTS_DIR;
		};
		2C4C27CA1E580421003C5A1F /* Alamofire iOS Tests.xctest */ = {
			isa = PBXReferenceProxy;
			fileType = wrapper.cfbundle;
			path = "Alamofire iOS Tests.xctest";
			remoteRef = 2C4C27C91E580421003C5A1F /* PBXContainerItemProxy */;
			sourceTree = BUILT_PRODUCTS_DIR;
		};
		2C4C27CC1E580421003C5A1F /* Alamofire.framework */ = {
			isa = PBXReferenceProxy;
			fileType = wrapper.framework;
			path = Alamofire.framework;
			remoteRef = 2C4C27CB1E580421003C5A1F /* PBXContainerItemProxy */;
			sourceTree = BUILT_PRODUCTS_DIR;
		};
		2C4C27CE1E580421003C5A1F /* Alamofire macOS Tests.xctest */ = {
			isa = PBXReferenceProxy;
			fileType = wrapper.cfbundle;
			path = "Alamofire macOS Tests.xctest";
			remoteRef = 2C4C27CD1E580421003C5A1F /* PBXContainerItemProxy */;
			sourceTree = BUILT_PRODUCTS_DIR;
		};
		2C4C27D01E580421003C5A1F /* Alamofire.framework */ = {
			isa = PBXReferenceProxy;
			fileType = wrapper.framework;
			path = Alamofire.framework;
			remoteRef = 2C4C27CF1E580421003C5A1F /* PBXContainerItemProxy */;
			sourceTree = BUILT_PRODUCTS_DIR;
		};
		2C4C27D21E580421003C5A1F /* Alamofire tvOS Tests.xctest */ = {
			isa = PBXReferenceProxy;
			fileType = wrapper.cfbundle;
			path = "Alamofire tvOS Tests.xctest";
			remoteRef = 2C4C27D11E580421003C5A1F /* PBXContainerItemProxy */;
			sourceTree = BUILT_PRODUCTS_DIR;
		};
		2C4C27D41E580421003C5A1F /* Alamofire.framework */ = {
			isa = PBXReferenceProxy;
			fileType = wrapper.framework;
			path = Alamofire.framework;
			remoteRef = 2C4C27D31E580421003C5A1F /* PBXContainerItemProxy */;
			sourceTree = BUILT_PRODUCTS_DIR;
		};
/* End PBXReferenceProxy section */

/* Begin PBXResourcesBuildPhase section */
		2C994C711E56D52600895B30 /* Resources */ = {
			isa = PBXResourcesBuildPhase;
			buildActionMask = 2147483647;
			files = (
				2C994CB61E56DCB500895B30 /* Info.plist in Resources */,
				2C2104E71E57420A00C19F1E /* Localizable.strings in Resources */,
				2C4C276C1E574A0A003C5A1F /* appMakerResources.bundle in Resources */,
				2C994CB51E56DCB500895B30 /* Main.storyboard in Resources */,
				2C4C276D1E574A0A003C5A1F /* appMakerUI.xcassets in Resources */,
				2C994CB31E56DCB500895B30 /* Assets.xcassets in Resources */,
				2C994CB41E56DCB500895B30 /* LaunchScreen.storyboard in Resources */,
			);
			runOnlyForDeploymentPostprocessing = 0;
		};
		2C994C851E56D52600895B30 /* Resources */ = {
			isa = PBXResourcesBuildPhase;
			buildActionMask = 2147483647;
			files = (
			);
			runOnlyForDeploymentPostprocessing = 0;
		};
		2C994C901E56D52600895B30 /* Resources */ = {
			isa = PBXResourcesBuildPhase;
			buildActionMask = 2147483647;
			files = (
			);
			runOnlyForDeploymentPostprocessing = 0;
		};
/* End PBXResourcesBuildPhase section */

/* Begin PBXSourcesBuildPhase section */
		2C994C6F1E56D52600895B30 /* Sources */ = {
			isa = PBXSourcesBuildPhase;
			buildActionMask = 2147483647;
			files = (
				2C4A25BE1E5AD199003ED5C4 /* unzip.c in Sources */,
				2C4A25DE1E5AD280003ED5C4 /* CXHTMLDocument.m in Sources */,
				2C4A25E41E5AD280003ED5C4 /* CXMLElement_ElementTreeExtensions.m in Sources */,
				2C4A25E91E5AD280003ED5C4 /* CXMLNode_XPathExtensions.m in Sources */,
				2C4A25BF1E5AD199003ED5C4 /* zip.c in Sources */,
				2C994CB71E56DCB500895B30 /* ViewController.swift in Sources */,
				2C4A25E51E5AD280003ED5C4 /* CXMLNamespaceNode.m in Sources */,
				2C4A25E61E5AD280003ED5C4 /* CXMLNode.m in Sources */,
				2C4A25E11E5AD280003ED5C4 /* CXMLDocument_PrivateExtensions.m in Sources */,
				2C4A25BD1E5AD199003ED5C4 /* mztools.c in Sources */,
				2C4A25BC1E5AD199003ED5C4 /* ioapi.c in Sources */,
				2C4A25DF1E5AD280003ED5C4 /* CXMLDocument.m in Sources */,
				2C4A25E31E5AD280003ED5C4 /* CXMLElement_CreationExtensions.m in Sources */,
				2C4A25E01E5AD280003ED5C4 /* CXMLDocument_CreationExtensions.m in Sources */,
				2C4A25C01E5AD199003ED5C4 /* ZipArchive.mm in Sources */,
				2C4A25E81E5AD280003ED5C4 /* CXMLNode_PrivateExtensions.m in Sources */,
				2C4A25E71E5AD280003ED5C4 /* CXMLNode_CreationExtensions.m in Sources */,
				2C994CB21E56DCB500895B30 /* AppDelegate.swift in Sources */,
				2C4A25E21E5AD280003ED5C4 /* CXMLElement.m in Sources */,
				2C4A25DD1E5AD280003ED5C4 /* CTidy.m in Sources */,
			);
			runOnlyForDeploymentPostprocessing = 0;
		};
		2C994C831E56D52600895B30 /* Sources */ = {
			isa = PBXSourcesBuildPhase;
			buildActionMask = 2147483647;
			files = (
				2C994C8C1E56D52600895B30 /* SACPublisherTests.swift in Sources */,
			);
			runOnlyForDeploymentPostprocessing = 0;
		};
		2C994C8E1E56D52600895B30 /* Sources */ = {
			isa = PBXSourcesBuildPhase;
			buildActionMask = 2147483647;
			files = (
				2C994C971E56D52600895B30 /* SACPublisherUITests.swift in Sources */,
			);
			runOnlyForDeploymentPostprocessing = 0;
		};
/* End PBXSourcesBuildPhase section */

/* Begin PBXTargetDependency section */
		2C21052A1E5745A400C19F1E /* PBXTargetDependency */ = {
			isa = PBXTargetDependency;
			name = YouTubeiOSPlayerHelper;
			targetProxy = 2C2105291E5745A400C19F1E /* PBXContainerItemProxy */;
		};
		2C4A25AF1E5AD140003ED5C4 /* PBXTargetDependency */ = {
			isa = PBXTargetDependency;
			name = Zip;
			targetProxy = 2C4A25AE1E5AD140003ED5C4 /* PBXContainerItemProxy */;
		};
		2C4C27D91E580B82003C5A1F /* PBXTargetDependency */ = {
			isa = PBXTargetDependency;
			name = "Alamofire iOS";
			targetProxy = 2C4C27D81E580B82003C5A1F /* PBXContainerItemProxy */;
		};
		2C4C27DD1E580BAB003C5A1F /* PBXTargetDependency */ = {
			isa = PBXTargetDependency;
			name = PromiseKit;
			targetProxy = 2C4C27DC1E580BAB003C5A1F /* PBXContainerItemProxy */;
		};
		2C994C891E56D52600895B30 /* PBXTargetDependency */ = {
			isa = PBXTargetDependency;
			target = 2C994C721E56D52600895B30 /* Smart App Creator */;
			targetProxy = 2C994C881E56D52600895B30 /* PBXContainerItemProxy */;
		};
		2C994C941E56D52600895B30 /* PBXTargetDependency */ = {
			isa = PBXTargetDependency;
			target = 2C994C721E56D52600895B30 /* Smart App Creator */;
			targetProxy = 2C994C931E56D52600895B30 /* PBXContainerItemProxy */;
		};
/* End PBXTargetDependency section */

/* Begin PBXVariantGroup section */
		2C2104E91E57420A00C19F1E /* Localizable.strings */ = {
			isa = PBXVariantGroup;
			children = (
				2C2104E81E57420A00C19F1E /* Base */,
				2C2104EA1E57420C00C19F1E /* en */,
				2C2104ED1E57422200C19F1E /* zh-Hans */,
				2C2104F11E57422700C19F1E /* zh-Hant */,
			);
			name = Localizable.strings;
			sourceTree = "<group>";
		};
		2C994CAC1E56DCB500895B30 /* LaunchScreen.storyboard */ = {
			isa = PBXVariantGroup;
			children = (
				2C994CAD1E56DCB500895B30 /* Base */,
				2C2104EB1E57422100C19F1E /* zh-Hans */,
				2C2104EF1E57422600C19F1E /* zh-Hant */,
			);
			name = LaunchScreen.storyboard;
			sourceTree = "<group>";
		};
		2C994CAE1E56DCB500895B30 /* Main.storyboard */ = {
			isa = PBXVariantGroup;
			children = (
				2C994CAF1E56DCB500895B30 /* Base */,
				2C2104EC1E57422100C19F1E /* zh-Hans */,
				2C2104F01E57422700C19F1E /* zh-Hant */,
			);
			name = Main.storyboard;
			sourceTree = "<group>";
		};
/* End PBXVariantGroup section */

/* Begin XCBuildConfiguration section */
		2C994C991E56D52600895B30 /* Debug */ = {
			isa = XCBuildConfiguration;
			buildSettings = {
				ALWAYS_SEARCH_USER_PATHS = NO;
				CLANG_ANALYZER_LOCALIZABILITY_NONLOCALIZED = YES;
				CLANG_ANALYZER_NONNULL = YES;
				CLANG_CXX_LANGUAGE_STANDARD = "gnu++0x";
				CLANG_CXX_LIBRARY = "libc++";
				CLANG_ENABLE_MODULES = YES;
				CLANG_ENABLE_OBJC_ARC = YES;
				CLANG_WARN_BOOL_CONVERSION = YES;
				CLANG_WARN_CONSTANT_CONVERSION = YES;
				CLANG_WARN_DIRECT_OBJC_ISA_USAGE = YES_ERROR;
				CLANG_WARN_DOCUMENTATION_COMMENTS = YES;
				CLANG_WARN_EMPTY_BODY = YES;
				CLANG_WARN_ENUM_CONVERSION = YES;
				CLANG_WARN_INFINITE_RECURSION = YES;
				CLANG_WARN_INT_CONVERSION = YES;
				CLANG_WARN_OBJC_ROOT_CLASS = YES_ERROR;
				CLANG_WARN_SUSPICIOUS_MOVE = YES;
				CLANG_WARN_UNREACHABLE_CODE = YES;
				CLANG_WARN__DUPLICATE_METHOD_MATCH = YES;
				"CODE_SIGN_IDENTITY[sdk=iphoneos*]" = "iPhone Developer";
				COPY_PHASE_STRIP = NO;
				DEBUG_INFORMATION_FORMAT = dwarf;
				ENABLE_STRICT_OBJC_MSGSEND = YES;
				ENABLE_TESTABILITY = YES;
				GCC_C_LANGUAGE_STANDARD = gnu99;
				GCC_DYNAMIC_NO_PIC = NO;
				GCC_NO_COMMON_BLOCKS = YES;
				GCC_OPTIMIZATION_LEVEL = 0;
				GCC_PREPROCESSOR_DEFINITIONS = (
					"DEBUG=1",
					"$(inherited)",
				);
				GCC_WARN_64_TO_32_BIT_CONVERSION = YES;
				GCC_WARN_ABOUT_RETURN_TYPE = YES_ERROR;
				GCC_WARN_UNDECLARED_SELECTOR = YES;
				GCC_WARN_UNINITIALIZED_AUTOS = YES_AGGRESSIVE;
				GCC_WARN_UNUSED_FUNCTION = YES;
				GCC_WARN_UNUSED_VARIABLE = YES;
				IPHONEOS_DEPLOYMENT_TARGET = 10.2;
				MTL_ENABLE_DEBUG_INFO = YES;
				ONLY_ACTIVE_ARCH = YES;
				SDKROOT = iphoneos;
				SWIFT_ACTIVE_COMPILATION_CONDITIONS = DEBUG;
				SWIFT_OPTIMIZATION_LEVEL = "-Onone";
				TARGETED_DEVICE_FAMILY = "1,2";
			};
			name = Debug;
		};
		2C994C9A1E56D52600895B30 /* Release */ = {
			isa = XCBuildConfiguration;
			buildSettings = {
				ALWAYS_SEARCH_USER_PATHS = NO;
				CLANG_ANALYZER_LOCALIZABILITY_NONLOCALIZED = YES;
				CLANG_ANALYZER_NONNULL = YES;
				CLANG_CXX_LANGUAGE_STANDARD = "gnu++0x";
				CLANG_CXX_LIBRARY = "libc++";
				CLANG_ENABLE_MODULES = YES;
				CLANG_ENABLE_OBJC_ARC = YES;
				CLANG_WARN_BOOL_CONVERSION = YES;
				CLANG_WARN_CONSTANT_CONVERSION = YES;
				CLANG_WARN_DIRECT_OBJC_ISA_USAGE = YES_ERROR;
				CLANG_WARN_DOCUMENTATION_COMMENTS = YES;
				CLANG_WARN_EMPTY_BODY = YES;
				CLANG_WARN_ENUM_CONVERSION = YES;
				CLANG_WARN_INFINITE_RECURSION = YES;
				CLANG_WARN_INT_CONVERSION = YES;
				CLANG_WARN_OBJC_ROOT_CLASS = YES_ERROR;
				CLANG_WARN_SUSPICIOUS_MOVE = YES;
				CLANG_WARN_UNREACHABLE_CODE = YES;
				CLANG_WARN__DUPLICATE_METHOD_MATCH = YES;
				"CODE_SIGN_IDENTITY[sdk=iphoneos*]" = "iPhone Developer";
				COPY_PHASE_STRIP = NO;
				DEBUG_INFORMATION_FORMAT = "dwarf-with-dsym";
				ENABLE_NS_ASSERTIONS = NO;
				ENABLE_STRICT_OBJC_MSGSEND = YES;
				GCC_C_LANGUAGE_STANDARD = gnu99;
				GCC_NO_COMMON_BLOCKS = YES;
				GCC_WARN_64_TO_32_BIT_CONVERSION = YES;
				GCC_WARN_ABOUT_RETURN_TYPE = YES_ERROR;
				GCC_WARN_UNDECLARED_SELECTOR = YES;
				GCC_WARN_UNINITIALIZED_AUTOS = YES_AGGRESSIVE;
				GCC_WARN_UNUSED_FUNCTION = YES;
				GCC_WARN_UNUSED_VARIABLE = YES;
				IPHONEOS_DEPLOYMENT_TARGET = 10.2;
				MTL_ENABLE_DEBUG_INFO = NO;
				SDKROOT = iphoneos;
				SWIFT_OPTIMIZATION_LEVEL = "-Owholemodule";
				TARGETED_DEVICE_FAMILY = "1,2";
				VALIDATE_PRODUCT = YES;
			};
			name = Release;
		};
		2C994C9C1E56D52600895B30 /* Debug */ = {
			isa = XCBuildConfiguration;
			buildSettings = {
				ALWAYS_EMBED_SWIFT_STANDARD_LIBRARIES = YES;
				ASSETCATALOG_COMPILER_APPICON_NAME = AppIcon;
				CLANG_ENABLE_MODULES = YES;
				DEVELOPMENT_TEAM = "";
				FRAMEWORK_SEARCH_PATHS = (
					"$(inherited)",
					"$(PROJECT_DIR)/Smart\\ App\\ Creator/appMakerSDK",
					"$(PROJECT_DIR)/Smart\\ App\\ Creator/appMakerSDK",
				);
				HEADER_SEARCH_PATHS = (
					/usr/include/libxml2,
					"${SDK_DIR}/usr/include/libxml2",
				);
				INFOPLIST_FILE = "$(SRCROOT)/Smart App Creator/Info.plist";
				IPHONEOS_DEPLOYMENT_TARGET = 9.0;
				LD_RUNPATH_SEARCH_PATHS = "$(inherited) @executable_path/Frameworks";
				LIBRARY_SEARCH_PATHS = "";
				PRODUCT_BUNDLE_IDENTIFIER = com.usmarttech.smartApps;
				PRODUCT_NAME = "$(TARGET_NAME)";
				SWIFT_OBJC_BRIDGING_HEADER = "Smart App Creator/Smart App Creator-Bridging-Header.h";
				SWIFT_OPTIMIZATION_LEVEL = "-Onone";
				SWIFT_VERSION = 3.0;
				TARGETED_DEVICE_FAMILY = "1,2";
			};
			name = Debug;
		};
		2C994C9D1E56D52600895B30 /* Release */ = {
			isa = XCBuildConfiguration;
			buildSettings = {
				ALWAYS_EMBED_SWIFT_STANDARD_LIBRARIES = YES;
				ASSETCATALOG_COMPILER_APPICON_NAME = AppIcon;
				CLANG_ENABLE_MODULES = YES;
				"CODE_SIGN_IDENTITY[sdk=iphoneos*]" = "iPhone Distribution";
				DEVELOPMENT_TEAM = N8WL2V9VY9;
				FRAMEWORK_SEARCH_PATHS = (
					"$(inherited)",
					"$(PROJECT_DIR)/Smart\\ App\\ Creator/appMakerSDK",
					"$(PROJECT_DIR)/Smart\\ App\\ Creator/appMakerSDK",
				);
				HEADER_SEARCH_PATHS = (
					/usr/include/libxml2,
					"${SDK_DIR}/usr/include/libxml2",
				);
				INFOPLIST_FILE = "$(SRCROOT)/Smart App Creator/Info.plist";
				IPHONEOS_DEPLOYMENT_TARGET = 9.0;
				LD_RUNPATH_SEARCH_PATHS = "$(inherited) @executable_path/Frameworks";
				LIBRARY_SEARCH_PATHS = "";
				PRODUCT_BUNDLE_IDENTIFIER = com.usmarttech.smartApps;
				PRODUCT_NAME = "$(TARGET_NAME)";
				PROVISIONING_PROFILE = "ee973989-9850-4c8c-aa9b-6e8ea38a44c3";
				PROVISIONING_PROFILE_SPECIFIER = "com.usmarttech.smartApps AppStore";
				SWIFT_OBJC_BRIDGING_HEADER = "Smart App Creator/Smart App Creator-Bridging-Header.h";
				SWIFT_VERSION = 3.0;
				TARGETED_DEVICE_FAMILY = "1,2";
			};
			name = Release;
		};
		2C994C9F1E56D52600895B30 /* Debug */ = {
			isa = XCBuildConfiguration;
			buildSettings = {
				ALWAYS_EMBED_SWIFT_STANDARD_LIBRARIES = YES;
				BUNDLE_LOADER = "$(TEST_HOST)";
				HEADER_SEARCH_PATHS = (
					/usr/include/libxml2,
					"${SDK_DIR}/usr/include/libxml2",
				);
				INFOPLIST_FILE = SACPublisherTests/Info.plist;
				LD_RUNPATH_SEARCH_PATHS = "$(inherited) @executable_path/Frameworks @loader_path/Frameworks";
				LIBRARY_SEARCH_PATHS = (
					"${SDK_DIR}/usr/include/libxml2",
					/usr/include/libxml2,
				);
				PRODUCT_BUNDLE_IDENTIFIER = com.botai.SACPublisherTests;
				PRODUCT_NAME = "$(TARGET_NAME)";
				SWIFT_VERSION = 3.0;
				TEST_HOST = "$(BUILT_PRODUCTS_DIR)/Smart App Creator.app/Smart App Creator";
			};
			name = Debug;
		};
		2C994CA01E56D52600895B30 /* Release */ = {
			isa = XCBuildConfiguration;
			buildSettings = {
				ALWAYS_EMBED_SWIFT_STANDARD_LIBRARIES = YES;
				BUNDLE_LOADER = "$(TEST_HOST)";
				HEADER_SEARCH_PATHS = (
					/usr/include/libxml2,
					"${SDK_DIR}/usr/include/libxml2",
				);
				INFOPLIST_FILE = SACPublisherTests/Info.plist;
				LD_RUNPATH_SEARCH_PATHS = "$(inherited) @executable_path/Frameworks @loader_path/Frameworks";
				LIBRARY_SEARCH_PATHS = (
					"${SDK_DIR}/usr/include/libxml2",
					/usr/include/libxml2,
				);
				PRODUCT_BUNDLE_IDENTIFIER = com.botai.SACPublisherTests;
				PRODUCT_NAME = "$(TARGET_NAME)";
				SWIFT_VERSION = 3.0;
				TEST_HOST = "$(BUILT_PRODUCTS_DIR)/Smart App Creator.app/Smart App Creator";
			};
			name = Release;
		};
		2C994CA21E56D52600895B30 /* Debug */ = {
			isa = XCBuildConfiguration;
			buildSettings = {
				ALWAYS_EMBED_SWIFT_STANDARD_LIBRARIES = YES;
				INFOPLIST_FILE = SACPublisherUITests/Info.plist;
				LD_RUNPATH_SEARCH_PATHS = "$(inherited) @executable_path/Frameworks @loader_path/Frameworks";
				PRODUCT_BUNDLE_IDENTIFIER = com.botai.SACPublisherUITests;
				PRODUCT_NAME = "$(TARGET_NAME)";
				SWIFT_VERSION = 3.0;
				TEST_TARGET_NAME = SACPublisher;
			};
			name = Debug;
		};
		2C994CA31E56D52600895B30 /* Release */ = {
			isa = XCBuildConfiguration;
			buildSettings = {
				ALWAYS_EMBED_SWIFT_STANDARD_LIBRARIES = YES;
				INFOPLIST_FILE = SACPublisherUITests/Info.plist;
				LD_RUNPATH_SEARCH_PATHS = "$(inherited) @executable_path/Frameworks @loader_path/Frameworks";
				PRODUCT_BUNDLE_IDENTIFIER = com.botai.SACPublisherUITests;
				PRODUCT_NAME = "$(TARGET_NAME)";
				SWIFT_VERSION = 3.0;
				TEST_TARGET_NAME = SACPublisher;
			};
			name = Release;
		};
/* End XCBuildConfiguration section */

/* Begin XCConfigurationList section */
		2C994C6E1E56D52600895B30 /* Build configuration list for PBXProject "Smart App Creator" */ = {
			isa = XCConfigurationList;
			buildConfigurations = (
				2C994C991E56D52600895B30 /* Debug */,
				2C994C9A1E56D52600895B30 /* Release */,
			);
			defaultConfigurationIsVisible = 0;
			defaultConfigurationName = Release;
		};
		2C994C9B1E56D52600895B30 /* Build configuration list for PBXNativeTarget "Smart App Creator" */ = {
			isa = XCConfigurationList;
			buildConfigurations = (
				2C994C9C1E56D52600895B30 /* Debug */,
				2C994C9D1E56D52600895B30 /* Release */,
			);
			defaultConfigurationIsVisible = 0;
			defaultConfigurationName = Release;
		};
		2C994C9E1E56D52600895B30 /* Build configuration list for PBXNativeTarget "Smart App CreatorTests" */ = {
			isa = XCConfigurationList;
			buildConfigurations = (
				2C994C9F1E56D52600895B30 /* Debug */,
				2C994CA01E56D52600895B30 /* Release */,
			);
			defaultConfigurationIsVisible = 0;
			defaultConfigurationName = Release;
		};
		2C994CA11E56D52600895B30 /* Build configuration list for PBXNativeTarget "Smart App CreatorUITests" */ = {
			isa = XCConfigurationList;
			buildConfigurations = (
				2C994CA21E56D52600895B30 /* Debug */,
				2C994CA31E56D52600895B30 /* Release */,
			);
			defaultConfigurationIsVisible = 0;
			defaultConfigurationName = Release;
		};
/* End XCConfigurationList section */
	};
	rootObject = 2C994C6B1E56D52600895B30 /* Project object */;
}
